
Microsoft Visual Studio Solution File, Format Version 12.00
# Visual Studio Version 16
VisualStudioVersion = 16.0.34031.81
MinimumVisualStudioVersion = 10.0.40219.1
Project("{FAE04EC0-301F-11D3-BF4B-00C04F79EFBC}") = "XuLyDonHang", "XuLyDonHang\XuLyDonHang.csproj", "{94C19F6E-FAA3-4B28-BC3C-DC2CA725DEDB}"
EndProject
Global
	GlobalSection(SolutionConfigurationPlatforms) = preSolution
		Debug|Any CPU = Debug|Any CPU
		Release|Any CPU = Release|Any CPU
	EndGlobalSection
	GlobalSection(ProjectConfigurationPlatforms) = postSolution
		{94C19F6E-FAA3-4B28-BC3C-DC2CA725DEDB}.Debug|Any CPU.ActiveCfg = Debug|Any CPU
		{94C19F6E-FAA3-4B28-BC3C-DC2CA725DEDB}.Debug|Any CPU.Build.0 = Debug|Any CPU
		{94C19F6E-FAA3-4B28-BC3C-DC2CA725DEDB}.Release|Any CPU.ActiveCfg = Release|Any CPU
		{94C19F6E-FAA3-4B28-BC3C-DC2CA725DEDB}.Release|Any CPU.Build.0 = Release|Any CPU
	EndGlobalSection
	GlobalSection(SolutionProperties) = preSolution
		HideSolutionNode = FALSE
	EndGlobalSection
	GlobalSection(ExtensibilityGlobals) = postSolution
		SolutionGuid = {43DC3C46-EBE9-4965-A3B9-A93C108CFEF6}
	EndGlobalSection
EndGlobal
